
Microsoft Visual Studio Solution File, Format Version 12.00
# Visual Studio Version 16
VisualStudioVersion = 16.0.32228.343
MinimumVisualStudioVersion = 10.0.40219.1
Project("{FAE04EC0-301F-11D3-BF4B-00C04F79EFBC}") = "WebApiPratice", "WebApiPratice\WebApiPratice.csproj", "{E330CBB8-4A47-46DE-B0AC-7BA452B32AEA}"
EndProject
Project("{2150E333-8FDC-42A3-9474-1A3956D46DE8}") = "2.BussinessLogic", "2.BussinessLogic", "{A78FF0DD-0F8F-47B3-B42D-CD67F1E8DF31}"
EndProject
Project("{2150E333-8FDC-42A3-9474-1A3956D46DE8}") = "1.WebSite", "1.WebSite", "{C3247CD3-6100-4494-86BC-556411BDDC47}"
EndProject
Project("{FAE04EC0-301F-11D3-BF4B-00C04F79EFBC}") = "BussinessLogic.Service", "BussinessLogic.Service\BussinessLogic.Service.csproj", "{F2A3753D-32AF-4F7E-A874-F701E6B9BFAB}"
EndProject
Project("{FAE04EC0-301F-11D3-BF4B-00C04F79EFBC}") = "BussinessLogic.Entity", "BussinessLogic.Entity\BussinessLogic.Entity.csproj", "{06E40D8D-1B25-494E-B915-EE66519E5923}"
EndProject
Project("{FAE04EC0-301F-11D3-BF4B-00C04F79EFBC}") = "BussinessLogic.Utilities", "BussinessLogic.Utilities\BussinessLogic.Utilities.csproj", "{A14CFF7B-E977-4AC3-B5FC-630D292025EB}"
EndProject
Global
	GlobalSection(SolutionConfigurationPlatforms) = preSolution
		Debug|Any CPU = Debug|Any CPU
		Release|Any CPU = Release|Any CPU
	EndGlobalSection
	GlobalSection(ProjectConfigurationPlatforms) = postSolution
		{E330CBB8-4A47-46DE-B0AC-7BA452B32AEA}.Debug|Any CPU.ActiveCfg = Debug|Any CPU
		{E330CBB8-4A47-46DE-B0AC-7BA452B32AEA}.Debug|Any CPU.Build.0 = Debug|Any CPU
		{E330CBB8-4A47-46DE-B0AC-7BA452B32AEA}.Release|Any CPU.ActiveCfg = Release|Any CPU
		{E330CBB8-4A47-46DE-B0AC-7BA452B32AEA}.Release|Any CPU.Build.0 = Release|Any CPU
		{F2A3753D-32AF-4F7E-A874-F701E6B9BFAB}.Debug|Any CPU.ActiveCfg = Debug|Any CPU
		{F2A3753D-32AF-4F7E-A874-F701E6B9BFAB}.Debug|Any CPU.Build.0 = Debug|Any CPU
		{F2A3753D-32AF-4F7E-A874-F701E6B9BFAB}.Release|Any CPU.ActiveCfg = Release|Any CPU
		{F2A3753D-32AF-4F7E-A874-F701E6B9BFAB}.Release|Any CPU.Build.0 = Release|Any CPU
		{06E40D8D-1B25-494E-B915-EE66519E5923}.Debug|Any CPU.ActiveCfg = Debug|Any CPU
		{06E40D8D-1B25-494E-B915-EE66519E5923}.Debug|Any CPU.Build.0 = Debug|Any CPU
		{06E40D8D-1B25-494E-B915-EE66519E5923}.Release|Any CPU.ActiveCfg = Release|Any CPU
		{06E40D8D-1B25-494E-B915-EE66519E5923}.Release|Any CPU.Build.0 = Release|Any CPU
		{A14CFF7B-E977-4AC3-B5FC-630D292025EB}.Debug|Any CPU.ActiveCfg = Debug|Any CPU
		{A14CFF7B-E977-4AC3-B5FC-630D292025EB}.Debug|Any CPU.Build.0 = Debug|Any CPU
		{A14CFF7B-E977-4AC3-B5FC-630D292025EB}.Release|Any CPU.ActiveCfg = Release|Any CPU
		{A14CFF7B-E977-4AC3-B5FC-630D292025EB}.Release|Any CPU.Build.0 = Release|Any CPU
	EndGlobalSection
	GlobalSection(SolutionProperties) = preSolution
		HideSolutionNode = FALSE
	EndGlobalSection
	GlobalSection(NestedProjects) = preSolution
		{E330CBB8-4A47-46DE-B0AC-7BA452B32AEA} = {C3247CD3-6100-4494-86BC-556411BDDC47}
		{F2A3753D-32AF-4F7E-A874-F701E6B9BFAB} = {A78FF0DD-0F8F-47B3-B42D-CD67F1E8DF31}
		{06E40D8D-1B25-494E-B915-EE66519E5923} = {A78FF0DD-0F8F-47B3-B42D-CD67F1E8DF31}
		{A14CFF7B-E977-4AC3-B5FC-630D292025EB} = {A78FF0DD-0F8F-47B3-B42D-CD67F1E8DF31}
	EndGlobalSection
	GlobalSection(ExtensibilityGlobals) = postSolution
		SolutionGuid = {92C8CACC-01B9-4926-99C8-65D9C879442C}
	EndGlobalSection
EndGlobal
